// !$*UTF8*$!
{
	archiveVersion = 1;
	classes = {
	};
	objectVersion = 56;
	objects = {

/* Begin PBXBuildFile section */
		CA5428E129FEDDF900B0968F /* YazBoz101App.swift in Sources */ = {isa = PBXBuildFile; fileRef = CA5428E029FEDDF900B0968F /* YazBoz101App.swift */; };
		CA5428E529FEDDFB00B0968F /* Assets.xcassets in Resources */ = {isa = PBXBuildFile; fileRef = CA5428E429FEDDFB00B0968F /* Assets.xcassets */; };
		CA5428E829FEDDFB00B0968F /* Preview Assets.xcassets in Resources */ = {isa = PBXBuildFile; fileRef = CA5428E729FEDDFB00B0968F /* Preview Assets.xcassets */; };
		CA5428ED29FEDDFB00B0968F /* YazBoz101.xcdatamodeld in Sources */ = {isa = PBXBuildFile; fileRef = CA5428EB29FEDDFB00B0968F /* YazBoz101.xcdatamodeld */; };
		CA5428F529FEDF1200B0968F /* MainView.swift in Sources */ = {isa = PBXBuildFile; fileRef = CA5428F429FEDF1200B0968F /* MainView.swift */; };
		CA75D0BF2A16EA8800D680A4 /* SingleEndGameView.swift in Sources */ = {isa = PBXBuildFile; fileRef = CA75D0BE2A16EA8800D680A4 /* SingleEndGameView.swift */; };
		CA75D0C12A17098700D680A4 /* MultipleEndGameView.swift in Sources */ = {isa = PBXBuildFile; fileRef = CA75D0C02A17098700D680A4 /* MultipleEndGameView.swift */; };
		CAAD9D042A14DE1D007386FB /* SingleNameView.swift in Sources */ = {isa = PBXBuildFile; fileRef = CAAD9D032A14DE1D007386FB /* SingleNameView.swift */; };
		CAAD9D062A14DE28007386FB /* MultipleNameView.swift in Sources */ = {isa = PBXBuildFile; fileRef = CAAD9D052A14DE28007386FB /* MultipleNameView.swift */; };
		CAAD9D082A14DE33007386FB /* SingleGameView.swift in Sources */ = {isa = PBXBuildFile; fileRef = CAAD9D072A14DE33007386FB /* SingleGameView.swift */; };
		CAAD9D0A2A14DE3F007386FB /* MultipleGameView.swift in Sources */ = {isa = PBXBuildFile; fileRef = CAAD9D092A14DE3F007386FB /* MultipleGameView.swift */; };
/* End PBXBuildFile section */

/* Begin PBXFileReference section */
		CA5428DD29FEDDF900B0968F /* YazBoz101.app */ = {isa = PBXFileReference; explicitFileType = wrapper.application; includeInIndex = 0; path = YazBoz101.app; sourceTree = BUILT_PRODUCTS_DIR; };
		CA5428E029FEDDF900B0968F /* YazBoz101App.swift */ = {isa = PBXFileReference; lastKnownFileType = sourcecode.swift; path = YazBoz101App.swift; sourceTree = "<group>"; };
		CA5428E429FEDDFB00B0968F /* Assets.xcassets */ = {isa = PBXFileReference; lastKnownFileType = folder.assetcatalog; path = Assets.xcassets; sourceTree = "<group>"; };
		CA5428E729FEDDFB00B0968F /* Preview Assets.xcassets */ = {isa = PBXFileReference; lastKnownFileType = folder.assetcatalog; path = "Preview Assets.xcassets"; sourceTree = "<group>"; };
		CA5428EC29FEDDFB00B0968F /* YazBoz101.xcdatamodel */ = {isa = PBXFileReference; lastKnownFileType = wrapper.xcdatamodel; path = YazBoz101.xcdatamodel; sourceTree = "<group>"; };
		CA5428F429FEDF1200B0968F /* MainView.swift */ = {isa = PBXFileReference; lastKnownFileType = sourcecode.swift; path = MainView.swift; sourceTree = "<group>"; };
		CA75D0BE2A16EA8800D680A4 /* SingleEndGameView.swift */ = {isa = PBXFileReference; lastKnownFileType = sourcecode.swift; path = SingleEndGameView.swift; sourceTree = "<group>"; };
		CA75D0C02A17098700D680A4 /* MultipleEndGameView.swift */ = {isa = PBXFileReference; lastKnownFileType = sourcecode.swift; path = MultipleEndGameView.swift; sourceTree = "<group>"; };
		CAAD9D032A14DE1D007386FB /* SingleNameView.swift */ = {isa = PBXFileReference; lastKnownFileType = sourcecode.swift; path = SingleNameView.swift; sourceTree = "<group>"; };
		CAAD9D052A14DE28007386FB /* MultipleNameView.swift */ = {isa = PBXFileReference; lastKnownFileType = sourcecode.swift; path = MultipleNameView.swift; sourceTree = "<group>"; };
		CAAD9D072A14DE33007386FB /* SingleGameView.swift */ = {isa = PBXFileReference; lastKnownFileType = sourcecode.swift; path = SingleGameView.swift; sourceTree = "<group>"; };
		CAAD9D092A14DE3F007386FB /* MultipleGameView.swift */ = {isa = PBXFileReference; lastKnownFileType = sourcecode.swift; path = MultipleGameView.swift; sourceTree = "<group>"; };
/* End PBXFileReference section */

/* Begin PBXFrameworksBuildPhase section */
		CA5428DA29FEDDF900B0968F /* Frameworks */ = {
			isa = PBXFrameworksBuildPhase;
			buildActionMask = 2147483647;
			files = (
			);
			runOnlyForDeploymentPostprocessing = 0;
		};
/* End PBXFrameworksBuildPhase section */

/* Begin PBXGroup section */
		CA5428D429FEDDF900B0968F = {
			isa = PBXGroup;
			children = (
				CA5428F329FEDE9800B0968F /* Views */,
				CA5428DF29FEDDF900B0968F /* YazBoz101 */,
				CA5428DE29FEDDF900B0968F /* Products */,
			);
			sourceTree = "<group>";
		};
		CA5428DE29FEDDF900B0968F /* Products */ = {
			isa = PBXGroup;
			children = (
				CA5428DD29FEDDF900B0968F /* YazBoz101.app */,
			);
			name = Products;
			sourceTree = "<group>";
		};
		CA5428DF29FEDDF900B0968F /* YazBoz101 */ = {
			isa = PBXGroup;
			children = (
				CA5428E029FEDDF900B0968F /* YazBoz101App.swift */,
				CA5428E429FEDDFB00B0968F /* Assets.xcassets */,
				CA5428EB29FEDDFB00B0968F /* YazBoz101.xcdatamodeld */,
				CA5428E629FEDDFB00B0968F /* Preview Content */,
			);
			path = YazBoz101;
			sourceTree = "<group>";
		};
		CA5428E629FEDDFB00B0968F /* Preview Content */ = {
			isa = PBXGroup;
			children = (
				CA5428E729FEDDFB00B0968F /* Preview Assets.xcassets */,
			);
			path = "Preview Content";
			sourceTree = "<group>";
		};
		CA5428F329FEDE9800B0968F /* Views */ = {
			isa = PBXGroup;
			children = (
				CA5428F429FEDF1200B0968F /* MainView.swift */,
				CAAD9D032A14DE1D007386FB /* SingleNameView.swift */,
				CAAD9D052A14DE28007386FB /* MultipleNameView.swift */,
				CAAD9D072A14DE33007386FB /* SingleGameView.swift */,
				CAAD9D092A14DE3F007386FB /* MultipleGameView.swift */,
				CA75D0BE2A16EA8800D680A4 /* SingleEndGameView.swift */,
				CA75D0C02A17098700D680A4 /* MultipleEndGameView.swift */,
			);
			path = Views;
			sourceTree = "<group>";
		};
/* End PBXGroup section */

/* Begin PBXNativeTarget section */
		CA5428DC29FEDDF900B0968F /* YazBoz101 */ = {
			isa = PBXNativeTarget;
			buildConfigurationList = CA5428F029FEDDFB00B0968F /* Build configuration list for PBXNativeTarget "YazBoz101" */;
			buildPhases = (
				CA5428D929FEDDF900B0968F /* Sources */,
				CA5428DA29FEDDF900B0968F /* Frameworks */,
				CA5428DB29FEDDF900B0968F /* Resources */,
			);
			buildRules = (
			);
			dependencies = (
			);
			name = YazBoz101;
			productName = YazBoz101;
			productReference = CA5428DD29FEDDF900B0968F /* YazBoz101.app */;
			productType = "com.apple.product-type.application";
		};
/* End PBXNativeTarget section */

/* Begin PBXProject section */
		CA5428D529FEDDF900B0968F /* Project object */ = {
			isa = PBXProject;
			attributes = {
				BuildIndependentTargetsInParallel = 1;
				LastSwiftUpdateCheck = 1430;
				LastUpgradeCheck = 1430;
				TargetAttributes = {
					CA5428DC29FEDDF900B0968F = {
						CreatedOnToolsVersion = 14.3;
					};
				};
			};
			buildConfigurationList = CA5428D829FEDDF900B0968F /* Build configuration list for PBXProject "YazBoz101" */;
			compatibilityVersion = "Xcode 14.0";
			developmentRegion = en;
			hasScannedForEncodings = 0;
			knownRegions = (
				en,
				Base,
			);
			mainGroup = CA5428D429FEDDF900B0968F;
			productRefGroup = CA5428DE29FEDDF900B0968F /* Products */;
			projectDirPath = "";
			projectRoot = "";
			targets = (
				CA5428DC29FEDDF900B0968F /* YazBoz101 */,
			);
		};
/* End PBXProject section */

/* Begin PBXResourcesBuildPhase section */
		CA5428DB29FEDDF900B0968F /* Resources */ = {
			isa = PBXResourcesBuildPhase;
			buildActionMask = 2147483647;
			files = (
				CA5428E829FEDDFB00B0968F /* Preview Assets.xcassets in Resources */,
				CA5428E529FEDDFB00B0968F /* Assets.xcassets in Resources */,
			);
			runOnlyForDeploymentPostprocessing = 0;
		};
/* End PBXResourcesBuildPhase section */

/* Begin PBXSourcesBuildPhase section */
		CA5428D929FEDDF900B0968F /* Sources */ = {
			isa = PBXSourcesBuildPhase;
			buildActionMask = 2147483647;
			files = (
				CA75D0BF2A16EA8800D680A4 /* SingleEndGameView.swift in Sources */,
				CA5428E129FEDDF900B0968F /* YazBoz101App.swift in Sources */,
				CAAD9D0A2A14DE3F007386FB /* MultipleGameView.swift in Sources */,
				CAAD9D042A14DE1D007386FB /* SingleNameView.swift in Sources */,
				CA5428F529FEDF1200B0968F /* MainView.swift in Sources */,
				CAAD9D062A14DE28007386FB /* MultipleNameView.swift in Sources */,
				CAAD9D082A14DE33007386FB /* SingleGameView.swift in Sources */,
				CA75D0C12A17098700D680A4 /* MultipleEndGameView.swift in Sources */,
				CA5428ED29FEDDFB00B0968F /* YazBoz101.xcdatamodeld in Sources */,
			);
			runOnlyForDeploymentPostprocessing = 0;
		};
/* End PBXSourcesBuildPhase section */

/* Begin XCBuildConfiguration section */
		CA5428EE29FEDDFB00B0968F /* Debug */ = {
			isa = XCBuildConfiguration;
			buildSettings = {
				ALWAYS_SEARCH_USER_PATHS = NO;
				CLANG_ANALYZER_NONNULL = YES;
				CLANG_ANALYZER_NUMBER_OBJECT_CONVERSION = YES_AGGRESSIVE;
				CLANG_CXX_LANGUAGE_STANDARD = "gnu++20";
				CLANG_ENABLE_MODULES = YES;
				CLANG_ENABLE_OBJC_ARC = YES;
				CLANG_ENABLE_OBJC_WEAK = YES;
				CLANG_WARN_BLOCK_CAPTURE_AUTORELEASING = YES;
				CLANG_WARN_BOOL_CONVERSION = YES;
				CLANG_WARN_COMMA = YES;
				CLANG_WARN_CONSTANT_CONVERSION = YES;
				CLANG_WARN_DEPRECATED_OBJC_IMPLEMENTATIONS = YES;
				CLANG_WARN_DIRECT_OBJC_ISA_USAGE = YES_ERROR;
				CLANG_WARN_DOCUMENTATION_COMMENTS = YES;
				CLANG_WARN_EMPTY_BODY = YES;
				CLANG_WARN_ENUM_CONVERSION = YES;
				CLANG_WARN_INFINITE_RECURSION = YES;
				CLANG_WARN_INT_CONVERSION = YES;
				CLANG_WARN_NON_LITERAL_NULL_CONVERSION = YES;
				CLANG_WARN_OBJC_IMPLICIT_RETAIN_SELF = YES;
				CLANG_WARN_OBJC_LITERAL_CONVERSION = YES;
				CLANG_WARN_OBJC_ROOT_CLASS = YES_ERROR;
				CLANG_WARN_QUOTED_INCLUDE_IN_FRAMEWORK_HEADER = YES;
				CLANG_WARN_RANGE_LOOP_ANALYSIS = YES;
				CLANG_WARN_STRICT_PROTOTYPES = YES;
				CLANG_WARN_SUSPICIOUS_MOVE = YES;
				CLANG_WARN_UNGUARDED_AVAILABILITY = YES_AGGRESSIVE;
				CLANG_WARN_UNREACHABLE_CODE = YES;
				CLANG_WARN__DUPLICATE_METHOD_MATCH = YES;
				COPY_PHASE_STRIP = NO;
				DEBUG_INFORMATION_FORMAT = dwarf;
				ENABLE_STRICT_OBJC_MSGSEND = YES;
				ENABLE_TESTABILITY = YES;
				GCC_C_LANGUAGE_STANDARD = gnu11;
				GCC_DYNAMIC_NO_PIC = NO;
				GCC_NO_COMMON_BLOCKS = YES;
				GCC_OPTIMIZATION_LEVEL = 0;
				GCC_PREPROCESSOR_DEFINITIONS = (
					"DEBUG=1",
					"$(inherited)",
				);
				GCC_WARN_64_TO_32_BIT_CONVERSION = YES;
				GCC_WARN_ABOUT_RETURN_TYPE = YES_ERROR;
				GCC_WARN_UNDECLARED_SELECTOR = YES;
				GCC_WARN_UNINITIALIZED_AUTOS = YES_AGGRESSIVE;
				GCC_WARN_UNUSED_FUNCTION = YES;
				GCC_WARN_UNUSED_VARIABLE = YES;
				IPHONEOS_DEPLOYMENT_TARGET = 16.4;
				MTL_ENABLE_DEBUG_INFO = INCLUDE_SOURCE;
				MTL_FAST_MATH = YES;
				ONLY_ACTIVE_ARCH = YES;
				SDKROOT = iphoneos;
				SWIFT_ACTIVE_COMPILATION_CONDITIONS = DEBUG;
				SWIFT_OPTIMIZATION_LEVEL = "-Onone";
			};
			name = Debug;
		};
		CA5428EF29FEDDFB00B0968F /* Release */ = {
			isa = XCBuildConfiguration;
			buildSettings = {
				ALWAYS_SEARCH_USER_PATHS = NO;
				CLANG_ANALYZER_NONNULL = YES;
				CLANG_ANALYZER_NUMBER_OBJECT_CONVERSION = YES_AGGRESSIVE;
				CLANG_CXX_LANGUAGE_STANDARD = "gnu++20";
				CLANG_ENABLE_MODULES = YES;
				CLANG_ENABLE_OBJC_ARC = YES;
				CLANG_ENABLE_OBJC_WEAK = YES;
				CLANG_WARN_BLOCK_CAPTURE_AUTORELEASING = YES;
				CLANG_WARN_BOOL_CONVERSION = YES;
				CLANG_WARN_COMMA = YES;
				CLANG_WARN_CONSTANT_CONVERSION = YES;
				CLANG_WARN_DEPRECATED_OBJC_IMPLEMENTATIONS = YES;
				CLANG_WARN_DIRECT_OBJC_ISA_USAGE = YES_ERROR;
				CLANG_WARN_DOCUMENTATION_COMMENTS = YES;
				CLANG_WARN_EMPTY_BODY = YES;
				CLANG_WARN_ENUM_CONVERSION = YES;
				CLANG_WARN_INFINITE_RECURSION = YES;
				CLANG_WARN_INT_CONVERSION = YES;
				CLANG_WARN_NON_LITERAL_NULL_CONVERSION = YES;
				CLANG_WARN_OBJC_IMPLICIT_RETAIN_SELF = YES;
				CLANG_WARN_OBJC_LITERAL_CONVERSION = YES;
				CLANG_WARN_OBJC_ROOT_CLASS = YES_ERROR;
				CLANG_WARN_QUOTED_INCLUDE_IN_FRAMEWORK_HEADER = YES;
				CLANG_WARN_RANGE_LOOP_ANALYSIS = YES;
				CLANG_WARN_STRICT_PROTOTYPES = YES;
				CLANG_WARN_SUSPICIOUS_MOVE = YES;
				CLANG_WARN_UNGUARDED_AVAILABILITY = YES_AGGRESSIVE;
				CLANG_WARN_UNREACHABLE_CODE = YES;
				CLANG_WARN__DUPLICATE_METHOD_MATCH = YES;
				COPY_PHASE_STRIP = NO;
				DEBUG_INFORMATION_FORMAT = "dwarf-with-dsym";
				ENABLE_NS_ASSERTIONS = NO;
				ENABLE_STRICT_OBJC_MSGSEND = YES;
				GCC_C_LANGUAGE_STANDARD = gnu11;
				GCC_NO_COMMON_BLOCKS = YES;
				GCC_WARN_64_TO_32_BIT_CONVERSION = YES;
				GCC_WARN_ABOUT_RETURN_TYPE = YES_ERROR;
				GCC_WARN_UNDECLARED_SELECTOR = YES;
				GCC_WARN_UNINITIALIZED_AUTOS = YES_AGGRESSIVE;
				GCC_WARN_UNUSED_FUNCTION = YES;
				GCC_WARN_UNUSED_VARIABLE = YES;
				IPHONEOS_DEPLOYMENT_TARGET = 16.4;
				MTL_ENABLE_DEBUG_INFO = NO;
				MTL_FAST_MATH = YES;
				SDKROOT = iphoneos;
				SWIFT_COMPILATION_MODE = wholemodule;
				SWIFT_OPTIMIZATION_LEVEL = "-O";
				VALIDATE_PRODUCT = YES;
			};
			name = Release;
		};
		CA5428F129FEDDFB00B0968F /* Debug */ = {
			isa = XCBuildConfiguration;
			buildSettings = {
				ASSETCATALOG_COMPILER_APPICON_NAME = AppIcon;
				ASSETCATALOG_COMPILER_GLOBAL_ACCENT_COLOR_NAME = AccentColor;
				CODE_SIGN_STYLE = Automatic;
				CURRENT_PROJECT_VERSION = 1;
				DEVELOPMENT_ASSET_PATHS = "\"YazBoz101/Preview Content\"";
				DEVELOPMENT_TEAM = R5V69FP2Q6;
				ENABLE_PREVIEWS = YES;
				GENERATE_INFOPLIST_FILE = YES;
				INFOPLIST_KEY_CFBundleDisplayName = 101YazBoz;
				INFOPLIST_KEY_LSApplicationCategoryType = "public.app-category.games";
				INFOPLIST_KEY_UIApplicationSceneManifest_Generation = YES;
				INFOPLIST_KEY_UIApplicationSupportsIndirectInputEvents = YES;
				INFOPLIST_KEY_UILaunchScreen_Generation = YES;
				INFOPLIST_KEY_UISupportedInterfaceOrientations = UIInterfaceOrientationPortrait;
				INFOPLIST_KEY_UISupportedInterfaceOrientations_iPad = "UIInterfaceOrientationLandscapeLeft UIInterfaceOrientationLandscapeRight UIInterfaceOrientationPortrait UIInterfaceOrientationPortraitUpsideDown";
				LD_RUNPATH_SEARCH_PATHS = (
					"$(inherited)",
					"@executable_path/Frameworks",
				);
				MARKETING_VERSION = 1.0;
				PRODUCT_BUNDLE_IDENTIFIER = com.ozencyeni.YazBoz101;
				PRODUCT_NAME = "$(TARGET_NAME)";
				SWIFT_EMIT_LOC_STRINGS = YES;
				SWIFT_VERSION = 5.0;
				TARGETED_DEVICE_FAMILY = "1,2";
			};
			name = Debug;
		};
		CA5428F229FEDDFB00B0968F /* Release */ = {
			isa = XCBuildConfiguration;
			buildSettings = {
				ASSETCATALOG_COMPILER_APPICON_NAME = AppIcon;
				ASSETCATALOG_COMPILER_GLOBAL_ACCENT_COLOR_NAME = AccentColor;
				CODE_SIGN_STYLE = Automatic;
				CURRENT_PROJECT_VERSION = 1;
				DEVELOPMENT_ASSET_PATHS = "\"YazBoz101/Preview Content\"";
				DEVELOPMENT_TEAM = R5V69FP2Q6;
				ENABLE_PREVIEWS = YES;
				GENERATE_INFOPLIST_FILE = YES;
				INFOPLIST_KEY_CFBundleDisplayName = 101YazBoz;
				INFOPLIST_KEY_LSApplicationCategoryType = "public.app-category.games";
				INFOPLIST_KEY_UIApplicationSceneManifest_Generation = YES;
				INFOPLIST_KEY_UIApplicationSupportsIndirectInputEvents = YES;
				INFOPLIST_KEY_UILaunchScreen_Generation = YES;
				INFOPLIST_KEY_UISupportedInterfaceOrientations = UIInterfaceOrientationPortrait;
				INFOPLIST_KEY_UISupportedInterfaceOrientations_iPad = "UIInterfaceOrientationLandscapeLeft UIInterfaceOrientationLandscapeRight UIInterfaceOrientationPortrait UIInterfaceOrientationPortraitUpsideDown";
				LD_RUNPATH_SEARCH_PATHS = (
					"$(inherited)",
					"@executable_path/Frameworks",
				);
				MARKETING_VERSION = 1.0;
				PRODUCT_BUNDLE_IDENTIFIER = com.ozencyeni.YazBoz101;
				PRODUCT_NAME = "$(TARGET_NAME)";
				SWIFT_EMIT_LOC_STRINGS = YES;
				SWIFT_VERSION = 5.0;
				TARGETED_DEVICE_FAMILY = "1,2";
			};
			name = Release;
		};
/* End XCBuildConfiguration section */

/* Begin XCConfigurationList section */
		CA5428D829FEDDF900B0968F /* Build configuration list for PBXProject "YazBoz101" */ = {
			isa = XCConfigurationList;
			buildConfigurations = (
				CA5428EE29FEDDFB00B0968F /* Debug */,
				CA5428EF29FEDDFB00B0968F /* Release */,
			);
			defaultConfigurationIsVisible = 0;
			defaultConfigurationName = Release;
		};
		CA5428F029FEDDFB00B0968F /* Build configuration list for PBXNativeTarget "YazBoz101" */ = {
			isa = XCConfigurationList;
			buildConfigurations = (
				CA5428F129FEDDFB00B0968F /* Debug */,
				CA5428F229FEDDFB00B0968F /* Release */,
			);
			defaultConfigurationIsVisible = 0;
			defaultConfigurationName = Release;
		};
/* End XCConfigurationList section */

/* Begin XCVersionGroup section */
		CA5428EB29FEDDFB00B0968F /* YazBoz101.xcdatamodeld */ = {
			isa = XCVersionGroup;
			children = (
				CA5428EC29FEDDFB00B0968F /* YazBoz101.xcdatamodel */,
			);
			currentVersion = CA5428EC29FEDDFB00B0968F /* YazBoz101.xcdatamodel */;
			path = YazBoz101.xcdatamodeld;
			sourceTree = "<group>";
			versionGroupType = wrapper.xcdatamodel;
		};
/* End XCVersionGroup section */
	};
	rootObject = CA5428D529FEDDF900B0968F /* Project object */;
}
